// !$*UTF8*$!
{
	archiveVersion = 1;
	classes = {
	};
	objectVersion = 50;
	objects = {

/* Begin PBXBuildFile section */
		7D9E7143234D6EE900F9BEE4 /* AppDelegate.m in Sources */ = {isa = PBXBuildFile; fileRef = 7D9E7142234D6EE900F9BEE4 /* AppDelegate.m */; };
		7D9E7149234D6EE900F9BEE4 /* ViewController.m in Sources */ = {isa = PBXBuildFile; fileRef = 7D9E7148234D6EE900F9BEE4 /* ViewController.m */; };
		7D9E714C234D6EE900F9BEE4 /* Main.storyboard in Resources */ = {isa = PBXBuildFile; fileRef = 7D9E714A234D6EE900F9BEE4 /* Main.storyboard */; };
		7D9E714E234D6EEA00F9BEE4 /* Assets.xcassets in Resources */ = {isa = PBXBuildFile; fileRef = 7D9E714D234D6EEA00F9BEE4 /* Assets.xcassets */; };
		7D9E7151234D6EEA00F9BEE4 /* LaunchScreen.storyboard in Resources */ = {isa = PBXBuildFile; fileRef = 7D9E714F234D6EEA00F9BEE4 /* LaunchScreen.storyboard */; };
		7D9E7154234D6EEA00F9BEE4 /* main.m in Sources */ = {isa = PBXBuildFile; fileRef = 7D9E7153234D6EEA00F9BEE4 /* main.m */; };
		7D9E7164234D6F9800F9BEE4 /* ImageResource.bundle in Resources */ = {isa = PBXBuildFile; fileRef = 7D9E7161234D6F9800F9BEE4 /* ImageResource.bundle */; };
		7D9E7165234D6F9800F9BEE4 /* ZFWKWebVC.m in Sources */ = {isa = PBXBuildFile; fileRef = 7D9E7162234D6F9800F9BEE4 /* ZFWKWebVC.m */; };
		7D9E7168234D709000F9BEE4 /* ZFWKUserDefaultConf.m in Sources */ = {isa = PBXBuildFile; fileRef = 7D9E7167234D709000F9BEE4 /* ZFWKUserDefaultConf.m */; };
		7DC5CEA92361703A00D307FE /* ZFWKWebViewTests.m in Sources */ = {isa = PBXBuildFile; fileRef = 7DC5CEA82361703A00D307FE /* ZFWKWebViewTests.m */; };
		7DE872382433091F0069C6C3 /* temp.html in Resources */ = {isa = PBXBuildFile; fileRef = 7DE872372433091F0069C6C3 /* temp.html */; };
/* End PBXBuildFile section */

/* Begin PBXContainerItemProxy section */
		7DC5CEAB2361703A00D307FE /* PBXContainerItemProxy */ = {
			isa = PBXContainerItemProxy;
			containerPortal = 7D9E7136234D6EE900F9BEE4 /* Project object */;
			proxyType = 1;
			remoteGlobalIDString = 7D9E713D234D6EE900F9BEE4;
			remoteInfo = ZFWKWebView;
		};
/* End PBXContainerItemProxy section */

/* Begin PBXFileReference section */
		7D9E713E234D6EE900F9BEE4 /* ZFWKWebView.app */ = {isa = PBXFileReference; explicitFileType = wrapper.application; includeInIndex = 0; path = ZFWKWebView.app; sourceTree = BUILT_PRODUCTS_DIR; };
		7D9E7141234D6EE900F9BEE4 /* AppDelegate.h */ = {isa = PBXFileReference; lastKnownFileType = sourcecode.c.h; path = AppDelegate.h; sourceTree = "<group>"; };
		7D9E7142234D6EE900F9BEE4 /* AppDelegate.m */ = {isa = PBXFileReference; lastKnownFileType = sourcecode.c.objc; path = AppDelegate.m; sourceTree = "<group>"; };
		7D9E7147234D6EE900F9BEE4 /* ViewController.h */ = {isa = PBXFileReference; lastKnownFileType = sourcecode.c.h; path = ViewController.h; sourceTree = "<group>"; };
		7D9E7148234D6EE900F9BEE4 /* ViewController.m */ = {isa = PBXFileReference; lastKnownFileType = sourcecode.c.objc; path = ViewController.m; sourceTree = "<group>"; };
		7D9E714B234D6EE900F9BEE4 /* Base */ = {isa = PBXFileReference; lastKnownFileType = file.storyboard; name = Base; path = Base.lproj/Main.storyboard; sourceTree = "<group>"; };
		7D9E714D234D6EEA00F9BEE4 /* Assets.xcassets */ = {isa = PBXFileReference; lastKnownFileType = folder.assetcatalog; path = Assets.xcassets; sourceTree = "<group>"; };
		7D9E7150234D6EEA00F9BEE4 /* Base */ = {isa = PBXFileReference; lastKnownFileType = file.storyboard; name = Base; path = Base.lproj/LaunchScreen.storyboard; sourceTree = "<group>"; };
		7D9E7152234D6EEA00F9BEE4 /* Info.plist */ = {isa = PBXFileReference; lastKnownFileType = text.plist.xml; path = Info.plist; sourceTree = "<group>"; };
		7D9E7153234D6EEA00F9BEE4 /* main.m */ = {isa = PBXFileReference; lastKnownFileType = sourcecode.c.objc; path = main.m; sourceTree = "<group>"; };
		7D9E7161234D6F9800F9BEE4 /* ImageResource.bundle */ = {isa = PBXFileReference; lastKnownFileType = "wrapper.plug-in"; path = ImageResource.bundle; sourceTree = "<group>"; };
		7D9E7162234D6F9800F9BEE4 /* ZFWKWebVC.m */ = {isa = PBXFileReference; fileEncoding = 4; lastKnownFileType = sourcecode.c.objc; path = ZFWKWebVC.m; sourceTree = "<group>"; };
		7D9E7166234D709000F9BEE4 /* ZFWKUserDefaultConf.h */ = {isa = PBXFileReference; fileEncoding = 4; lastKnownFileType = sourcecode.c.h; path = ZFWKUserDefaultConf.h; sourceTree = "<group>"; };
		7D9E7167234D709000F9BEE4 /* ZFWKUserDefaultConf.m */ = {isa = PBXFileReference; fileEncoding = 4; lastKnownFileType = sourcecode.c.objc; path = ZFWKUserDefaultConf.m; sourceTree = "<group>"; };
		7D9E7169234D71EF00F9BEE4 /* ZFWKWebVC.h */ = {isa = PBXFileReference; lastKnownFileType = sourcecode.c.h; path = ZFWKWebVC.h; sourceTree = "<group>"; };
		7DC5CE9B23614D3400D307FE /* zh-Hans */ = {isa = PBXFileReference; lastKnownFileType = text.plist.strings; name = "zh-Hans"; path = "zh-Hans.lproj/Main.strings"; sourceTree = "<group>"; };
		7DC5CE9C23614D3400D307FE /* zh-Hans */ = {isa = PBXFileReference; lastKnownFileType = text.plist.strings; name = "zh-Hans"; path = "zh-Hans.lproj/LaunchScreen.strings"; sourceTree = "<group>"; };
		7DC5CEA62361703A00D307FE /* ZFWKWebViewTests.xctest */ = {isa = PBXFileReference; explicitFileType = wrapper.cfbundle; includeInIndex = 0; path = ZFWKWebViewTests.xctest; sourceTree = BUILT_PRODUCTS_DIR; };
		7DC5CEA82361703A00D307FE /* ZFWKWebViewTests.m */ = {isa = PBXFileReference; lastKnownFileType = sourcecode.c.objc; path = ZFWKWebViewTests.m; sourceTree = "<group>"; };
		7DC5CEAA2361703A00D307FE /* Info.plist */ = {isa = PBXFileReference; lastKnownFileType = text.plist.xml; path = Info.plist; sourceTree = "<group>"; };
		7DE872372433091F0069C6C3 /* temp.html */ = {isa = PBXFileReference; lastKnownFileType = text.html; path = temp.html; sourceTree = "<group>"; };
/* End PBXFileReference section */

/* Begin PBXFrameworksBuildPhase section */
		7D9E713B234D6EE900F9BEE4 /* Frameworks */ = {
			isa = PBXFrameworksBuildPhase;
			buildActionMask = 2147483647;
			files = (
			);
			runOnlyForDeploymentPostprocessing = 0;
		};
		7DC5CEA32361703A00D307FE /* Frameworks */ = {
			isa = PBXFrameworksBuildPhase;
			buildActionMask = 2147483647;
			files = (
			);
			runOnlyForDeploymentPostprocessing = 0;
		};
/* End PBXFrameworksBuildPhase section */

/* Begin PBXGroup section */
		7D9E7135234D6EE900F9BEE4 = {
			isa = PBXGroup;
			children = (
				7D9E7140234D6EE900F9BEE4 /* ZFWKWebView */,
				7DC5CEA72361703A00D307FE /* ZFWKWebViewTests */,
				7D9E713F234D6EE900F9BEE4 /* Products */,
			);
			sourceTree = "<group>";
		};
		7D9E713F234D6EE900F9BEE4 /* Products */ = {
			isa = PBXGroup;
			children = (
				7D9E713E234D6EE900F9BEE4 /* ZFWKWebView.app */,
				7DC5CEA62361703A00D307FE /* ZFWKWebViewTests.xctest */,
			);
			name = Products;
			sourceTree = "<group>";
		};
		7D9E7140234D6EE900F9BEE4 /* ZFWKWebView */ = {
			isa = PBXGroup;
			children = (
				7D9E7160234D6F9800F9BEE4 /* ZFWKWebView */,
				7D9E7141234D6EE900F9BEE4 /* AppDelegate.h */,
				7D9E7142234D6EE900F9BEE4 /* AppDelegate.m */,
				7D9E7147234D6EE900F9BEE4 /* ViewController.h */,
				7D9E7148234D6EE900F9BEE4 /* ViewController.m */,
				7DE872372433091F0069C6C3 /* temp.html */,
				7D9E7166234D709000F9BEE4 /* ZFWKUserDefaultConf.h */,
				7D9E7167234D709000F9BEE4 /* ZFWKUserDefaultConf.m */,
				7D9E714A234D6EE900F9BEE4 /* Main.storyboard */,
				7D9E714D234D6EEA00F9BEE4 /* Assets.xcassets */,
				7D9E714F234D6EEA00F9BEE4 /* LaunchScreen.storyboard */,
				7D9E7152234D6EEA00F9BEE4 /* Info.plist */,
				7D9E7153234D6EEA00F9BEE4 /* main.m */,
			);
			path = ZFWKWebView;
			sourceTree = "<group>";
		};
		7D9E7160234D6F9800F9BEE4 /* ZFWKWebView */ = {
			isa = PBXGroup;
			children = (
				7D9E7161234D6F9800F9BEE4 /* ImageResource.bundle */,
				7D9E7169234D71EF00F9BEE4 /* ZFWKWebVC.h */,
				7D9E7162234D6F9800F9BEE4 /* ZFWKWebVC.m */,
			);
			name = ZFWKWebView;
			path = ../../ZFWKWebView;
			sourceTree = "<group>";
		};
		7DC5CEA72361703A00D307FE /* ZFWKWebViewTests */ = {
			isa = PBXGroup;
			children = (
				7DC5CEA82361703A00D307FE /* ZFWKWebViewTests.m */,
				7DC5CEAA2361703A00D307FE /* Info.plist */,
			);
			path = ZFWKWebViewTests;
			sourceTree = "<group>";
		};
/* End PBXGroup section */

/* Begin PBXNativeTarget section */
		7D9E713D234D6EE900F9BEE4 /* ZFWKWebView */ = {
			isa = PBXNativeTarget;
			buildConfigurationList = 7D9E7157234D6EEA00F9BEE4 /* Build configuration list for PBXNativeTarget "ZFWKWebView" */;
			buildPhases = (
				7D9E713A234D6EE900F9BEE4 /* Sources */,
				7D9E713B234D6EE900F9BEE4 /* Frameworks */,
				7D9E713C234D6EE900F9BEE4 /* Resources */,
			);
			buildRules = (
			);
			dependencies = (
			);
			name = ZFWKWebView;
			productName = ZFWKWebView;
			productReference = 7D9E713E234D6EE900F9BEE4 /* ZFWKWebView.app */;
			productType = "com.apple.product-type.application";
		};
		7DC5CEA52361703A00D307FE /* ZFWKWebViewTests */ = {
			isa = PBXNativeTarget;
			buildConfigurationList = 7DC5CEAD2361703A00D307FE /* Build configuration list for PBXNativeTarget "ZFWKWebViewTests" */;
			buildPhases = (
				7DC5CEA22361703A00D307FE /* Sources */,
				7DC5CEA32361703A00D307FE /* Frameworks */,
				7DC5CEA42361703A00D307FE /* Resources */,
			);
			buildRules = (
			);
			dependencies = (
				7DC5CEAC2361703A00D307FE /* PBXTargetDependency */,
			);
			name = ZFWKWebViewTests;
			productName = ZFWKWebViewTests;
			productReference = 7DC5CEA62361703A00D307FE /* ZFWKWebViewTests.xctest */;
			productType = "com.apple.product-type.bundle.unit-test";
		};
/* End PBXNativeTarget section */

/* Begin PBXProject section */
		7D9E7136234D6EE900F9BEE4 /* Project object */ = {
			isa = PBXProject;
			attributes = {
				LastUpgradeCheck = 1100;
				ORGANIZATIONNAME = "张帆";
				TargetAttributes = {
					7D9E713D234D6EE900F9BEE4 = {
						CreatedOnToolsVersion = 11.0;
					};
					7DC5CEA52361703A00D307FE = {
						CreatedOnToolsVersion = 11.0;
						TestTargetID = 7D9E713D234D6EE900F9BEE4;
					};
				};
			};
			buildConfigurationList = 7D9E7139234D6EE900F9BEE4 /* Build configuration list for PBXProject "ZFWKWebView" */;
			compatibilityVersion = "Xcode 9.3";
			developmentRegion = en;
			hasScannedForEncodings = 0;
			knownRegions = (
				en,
				Base,
				"zh-Hans",
			);
			mainGroup = 7D9E7135234D6EE900F9BEE4;
			productRefGroup = 7D9E713F234D6EE900F9BEE4 /* Products */;
			projectDirPath = "";
			projectRoot = "";
			targets = (
				7D9E713D234D6EE900F9BEE4 /* ZFWKWebView */,
				7DC5CEA52361703A00D307FE /* ZFWKWebViewTests */,
			);
		};
/* End PBXProject section */

/* Begin PBXResourcesBuildPhase section */
		7D9E713C234D6EE900F9BEE4 /* Resources */ = {
			isa = PBXResourcesBuildPhase;
			buildActionMask = 2147483647;
			files = (
				7D9E7151234D6EEA00F9BEE4 /* LaunchScreen.storyboard in Resources */,
				7D9E714E234D6EEA00F9BEE4 /* Assets.xcassets in Resources */,
				7D9E714C234D6EE900F9BEE4 /* Main.storyboard in Resources */,
				7DE872382433091F0069C6C3 /* temp.html in Resources */,
				7D9E7164234D6F9800F9BEE4 /* ImageResource.bundle in Resources */,
			);
			runOnlyForDeploymentPostprocessing = 0;
		};
		7DC5CEA42361703A00D307FE /* Resources */ = {
			isa = PBXResourcesBuildPhase;
			buildActionMask = 2147483647;
			files = (
			);
			runOnlyForDeploymentPostprocessing = 0;
		};
/* End PBXResourcesBuildPhase section */

/* Begin PBXSourcesBuildPhase section */
		7D9E713A234D6EE900F9BEE4 /* Sources */ = {
			isa = PBXSourcesBuildPhase;
			buildActionMask = 2147483647;
			files = (
				7D9E7149234D6EE900F9BEE4 /* ViewController.m in Sources */,
				7D9E7143234D6EE900F9BEE4 /* AppDelegate.m in Sources */,
				7D9E7168234D709000F9BEE4 /* ZFWKUserDefaultConf.m in Sources */,
				7D9E7165234D6F9800F9BEE4 /* ZFWKWebVC.m in Sources */,
				7D9E7154234D6EEA00F9BEE4 /* main.m in Sources */,
			);
			runOnlyForDeploymentPostprocessing = 0;
		};
		7DC5CEA22361703A00D307FE /* Sources */ = {
			isa = PBXSourcesBuildPhase;
			buildActionMask = 2147483647;
			files = (
				7DC5CEA92361703A00D307FE /* ZFWKWebViewTests.m in Sources */,
			);
			runOnlyForDeploymentPostprocessing = 0;
		};
/* End PBXSourcesBuildPhase section */

/* Begin PBXTargetDependency section */
		7DC5CEAC2361703A00D307FE /* PBXTargetDependency */ = {
			isa = PBXTargetDependency;
			target = 7D9E713D234D6EE900F9BEE4 /* ZFWKWebView */;
			targetProxy = 7DC5CEAB2361703A00D307FE /* PBXContainerItemProxy */;
		};
/* End PBXTargetDependency section */

/* Begin PBXVariantGroup section */
		7D9E714A234D6EE900F9BEE4 /* Main.storyboard */ = {
			isa = PBXVariantGroup;
			children = (
				7D9E714B234D6EE900F9BEE4 /* Base */,
				7DC5CE9B23614D3400D307FE /* zh-Hans */,
			);
			name = Main.storyboard;
			sourceTree = "<group>";
		};
		7D9E714F234D6EEA00F9BEE4 /* LaunchScreen.storyboard */ = {
			isa = PBXVariantGroup;
			children = (
				7D9E7150234D6EEA00F9BEE4 /* Base */,
				7DC5CE9C23614D3400D307FE /* zh-Hans */,
			);
			name = LaunchScreen.storyboard;
			sourceTree = "<group>";
		};
/* End PBXVariantGroup section */

/* Begin XCBuildConfiguration section */
		7D9E7155234D6EEA00F9BEE4 /* Debug */ = {
			isa = XCBuildConfiguration;
			buildSettings = {
				ALWAYS_SEARCH_USER_PATHS = NO;
				CLANG_ANALYZER_LOCALIZABILITY_NONLOCALIZED = YES;
				CLANG_ANALYZER_NONNULL = YES;
				CLANG_ANALYZER_NUMBER_OBJECT_CONVERSION = YES_AGGRESSIVE;
				CLANG_CXX_LANGUAGE_STANDARD = "gnu++14";
				CLANG_CXX_LIBRARY = "libc++";
				CLANG_ENABLE_MODULES = YES;
				CLANG_ENABLE_OBJC_ARC = YES;
				CLANG_ENABLE_OBJC_WEAK = YES;
				CLANG_WARN_BLOCK_CAPTURE_AUTORELEASING = YES;
				CLANG_WARN_BOOL_CONVERSION = YES;
				CLANG_WARN_COMMA = YES;
				CLANG_WARN_CONSTANT_CONVERSION = YES;
				CLANG_WARN_DEPRECATED_OBJC_IMPLEMENTATIONS = YES;
				CLANG_WARN_DIRECT_OBJC_ISA_USAGE = YES_ERROR;
				CLANG_WARN_DOCUMENTATION_COMMENTS = YES;
				CLANG_WARN_EMPTY_BODY = YES;
				CLANG_WARN_ENUM_CONVERSION = YES;
				CLANG_WARN_INFINITE_RECURSION = YES;
				CLANG_WARN_INT_CONVERSION = YES;
				CLANG_WARN_NON_LITERAL_NULL_CONVERSION = YES;
				CLANG_WARN_OBJC_IMPLICIT_RETAIN_SELF = YES;
				CLANG_WARN_OBJC_LITERAL_CONVERSION = YES;
				CLANG_WARN_OBJC_ROOT_CLASS = YES_ERROR;
				CLANG_WARN_RANGE_LOOP_ANALYSIS = YES;
				CLANG_WARN_STRICT_PROTOTYPES = YES;
				CLANG_WARN_SUSPICIOUS_MOVE = YES;
				CLANG_WARN_UNGUARDED_AVAILABILITY = YES_AGGRESSIVE;
				CLANG_WARN_UNREACHABLE_CODE = YES;
				CLANG_WARN__DUPLICATE_METHOD_MATCH = YES;
				COPY_PHASE_STRIP = NO;
				DEBUG_INFORMATION_FORMAT = dwarf;
				ENABLE_STRICT_OBJC_MSGSEND = YES;
				ENABLE_TESTABILITY = YES;
				GCC_C_LANGUAGE_STANDARD = gnu11;
				GCC_DYNAMIC_NO_PIC = NO;
				GCC_NO_COMMON_BLOCKS = YES;
				GCC_OPTIMIZATION_LEVEL = 0;
				GCC_PREPROCESSOR_DEFINITIONS = (
					"DEBUG=1",
					"$(inherited)",
				);
				GCC_WARN_64_TO_32_BIT_CONVERSION = YES;
				GCC_WARN_ABOUT_RETURN_TYPE = YES_ERROR;
				GCC_WARN_UNDECLARED_SELECTOR = YES;
				GCC_WARN_UNINITIALIZED_AUTOS = YES_AGGRESSIVE;
				GCC_WARN_UNUSED_FUNCTION = YES;
				GCC_WARN_UNUSED_VARIABLE = YES;
				IPHONEOS_DEPLOYMENT_TARGET = 9.0;
				MTL_ENABLE_DEBUG_INFO = INCLUDE_SOURCE;
				MTL_FAST_MATH = YES;
				ONLY_ACTIVE_ARCH = YES;
				SDKROOT = iphoneos;
			};
			name = Debug;
		};
		7D9E7156234D6EEA00F9BEE4 /* Release */ = {
			isa = XCBuildConfiguration;
			buildSettings = {
				ALWAYS_SEARCH_USER_PATHS = NO;
				CLANG_ANALYZER_LOCALIZABILITY_NONLOCALIZED = YES;
				CLANG_ANALYZER_NONNULL = YES;
				CLANG_ANALYZER_NUMBER_OBJECT_CONVERSION = YES_AGGRESSIVE;
				CLANG_CXX_LANGUAGE_STANDARD = "gnu++14";
				CLANG_CXX_LIBRARY = "libc++";
				CLANG_ENABLE_MODULES = YES;
				CLANG_ENABLE_OBJC_ARC = YES;
				CLANG_ENABLE_OBJC_WEAK = YES;
				CLANG_WARN_BLOCK_CAPTURE_AUTORELEASING = YES;
				CLANG_WARN_BOOL_CONVERSION = YES;
				CLANG_WARN_COMMA = YES;
				CLANG_WARN_CONSTANT_CONVERSION = YES;
				CLANG_WARN_DEPRECATED_OBJC_IMPLEMENTATIONS = YES;
				CLANG_WARN_DIRECT_OBJC_ISA_USAGE = YES_ERROR;
				CLANG_WARN_DOCUMENTATION_COMMENTS = YES;
				CLANG_WARN_EMPTY_BODY = YES;
				CLANG_WARN_ENUM_CONVERSION = YES;
				CLANG_WARN_INFINITE_RECURSION = YES;
				CLANG_WARN_INT_CONVERSION = YES;
				CLANG_WARN_NON_LITERAL_NULL_CONVERSION = YES;
				CLANG_WARN_OBJC_IMPLICIT_RETAIN_SELF = YES;
				CLANG_WARN_OBJC_LITERAL_CONVERSION = YES;
				CLANG_WARN_OBJC_ROOT_CLASS = YES_ERROR;
				CLANG_WARN_RANGE_LOOP_ANALYSIS = YES;
				CLANG_WARN_STRICT_PROTOTYPES = YES;
				CLANG_WARN_SUSPICIOUS_MOVE = YES;
				CLANG_WARN_UNGUARDED_AVAILABILITY = YES_AGGRESSIVE;
				CLANG_WARN_UNREACHABLE_CODE = YES;
				CLANG_WARN__DUPLICATE_METHOD_MATCH = YES;
				COPY_PHASE_STRIP = NO;
				DEBUG_INFORMATION_FORMAT = "dwarf-with-dsym";
				ENABLE_NS_ASSERTIONS = NO;
				ENABLE_STRICT_OBJC_MSGSEND = YES;
				GCC_C_LANGUAGE_STANDARD = gnu11;
				GCC_NO_COMMON_BLOCKS = YES;
				GCC_WARN_64_TO_32_BIT_CONVERSION = YES;
				GCC_WARN_ABOUT_RETURN_TYPE = YES_ERROR;
				GCC_WARN_UNDECLARED_SELECTOR = YES;
				GCC_WARN_UNINITIALIZED_AUTOS = YES_AGGRESSIVE;
				GCC_WARN_UNUSED_FUNCTION = YES;
				GCC_WARN_UNUSED_VARIABLE = YES;
				IPHONEOS_DEPLOYMENT_TARGET = 9.0;
				MTL_ENABLE_DEBUG_INFO = NO;
				MTL_FAST_MATH = YES;
				SDKROOT = iphoneos;
				VALIDATE_PRODUCT = YES;
			};
			name = Release;
		};
		7D9E7158234D6EEA00F9BEE4 /* Debug */ = {
			isa = XCBuildConfiguration;
			buildSettings = {
				ASSETCATALOG_COMPILER_APPICON_NAME = AppIcon;
				CODE_SIGN_STYLE = Automatic;
				DEVELOPMENT_TEAM = 22HHB2G722;
				INFOPLIST_FILE = ZFWKWebView/Info.plist;
				IPHONEOS_DEPLOYMENT_TARGET = 9.0;
				LD_RUNPATH_SEARCH_PATHS = (
					"$(inherited)",
					"@executable_path/Frameworks",
				);
				PRODUCT_BUNDLE_IDENTIFIER = com.pokey.wkwebview;
				PRODUCT_NAME = "$(TARGET_NAME)";
				TARGETED_DEVICE_FAMILY = 1;
			};
			name = Debug;
		};
		7D9E7159234D6EEA00F9BEE4 /* Release */ = {
			isa = XCBuildConfiguration;
			buildSettings = {
				ASSETCATALOG_COMPILER_APPICON_NAME = AppIcon;
				CODE_SIGN_STYLE = Automatic;
				DEVELOPMENT_TEAM = 22HHB2G722;
				INFOPLIST_FILE = ZFWKWebView/Info.plist;
				IPHONEOS_DEPLOYMENT_TARGET = 9.0;
				LD_RUNPATH_SEARCH_PATHS = (
					"$(inherited)",
					"@executable_path/Frameworks",
				);
				PRODUCT_BUNDLE_IDENTIFIER = com.pokey.wkwebview;
				PRODUCT_NAME = "$(TARGET_NAME)";
				TARGETED_DEVICE_FAMILY = 1;
			};
			name = Release;
		};
		7DC5CEAE2361703A00D307FE /* Debug */ = {
			isa = XCBuildConfiguration;
			buildSettings = {
				BUNDLE_LOADER = "$(TEST_HOST)";
				CODE_SIGN_STYLE = Automatic;
				DEVELOPMENT_TEAM = 22HHB2G722;
				INFOPLIST_FILE = ZFWKWebViewTests/Info.plist;
				IPHONEOS_DEPLOYMENT_TARGET = 9.0;
				LD_RUNPATH_SEARCH_PATHS = (
					"$(inherited)",
					"@executable_path/Frameworks",
					"@loader_path/Frameworks",
				);
				PRODUCT_BUNDLE_IDENTIFIER = com.pokey.ZFWKWebViewTests;
				PRODUCT_NAME = "$(TARGET_NAME)";
				TARGETED_DEVICE_FAMILY = "1,2";
				TEST_HOST = "$(BUILT_PRODUCTS_DIR)/ZFWKWebView.app/ZFWKWebView";
			};
			name = Debug;
		};
		7DC5CEAF2361703A00D307FE /* Release */ = {
			isa = XCBuildConfiguration;
			buildSettings = {
				BUNDLE_LOADER = "$(TEST_HOST)";
				CODE_SIGN_STYLE = Automatic;
				DEVELOPMENT_TEAM = 22HHB2G722;
				INFOPLIST_FILE = ZFWKWebViewTests/Info.plist;
				IPHONEOS_DEPLOYMENT_TARGET = 9.0;
				LD_RUNPATH_SEARCH_PATHS = (
					"$(inherited)",
					"@executable_path/Frameworks",
					"@loader_path/Frameworks",
				);
				PRODUCT_BUNDLE_IDENTIFIER = com.pokey.ZFWKWebViewTests;
				PRODUCT_NAME = "$(TARGET_NAME)";
				TARGETED_DEVICE_FAMILY = "1,2";
				TEST_HOST = "$(BUILT_PRODUCTS_DIR)/ZFWKWebView.app/ZFWKWebView";
			};
			name = Release;
		};
/* End XCBuildConfiguration section */

/* Begin XCConfigurationList section */
		7D9E7139234D6EE900F9BEE4 /* Build configuration list for PBXProject "ZFWKWebView" */ = {
			isa = XCConfigurationList;
			buildConfigurations = (
				7D9E7155234D6EEA00F9BEE4 /* Debug */,
				7D9E7156234D6EEA00F9BEE4 /* Release */,
			);
			defaultConfigurationIsVisible = 0;
			defaultConfigurationName = Release;
		};
		7D9E7157234D6EEA00F9BEE4 /* Build configuration list for PBXNativeTarget "ZFWKWebView" */ = {
			isa = XCConfigurationList;
			buildConfigurations = (
				7D9E7158234D6EEA00F9BEE4 /* Debug */,
				7D9E7159234D6EEA00F9BEE4 /* Release */,
			);
			defaultConfigurationIsVisible = 0;
			defaultConfigurationName = Release;
		};
		7DC5CEAD2361703A00D307FE /* Build configuration list for PBXNativeTarget "ZFWKWebViewTests" */ = {
			isa = XCConfigurationList;
			buildConfigurations = (
				7DC5CEAE2361703A00D307FE /* Debug */,
				7DC5CEAF2361703A00D307FE /* Release */,
			);
			defaultConfigurationIsVisible = 0;
			defaultConfigurationName = Release;
		};
/* End XCConfigurationList section */
	};
	rootObject = 7D9E7136234D6EE900F9BEE4 /* Project object */;
}
